
Microsoft Visual Studio Solution File, Format Version 12.00
# Visual Studio Version 17
VisualStudioVersion = 17.9.34607.119
MinimumVisualStudioVersion = 10.0.40219.1
Project("{FAE04EC0-301F-11D3-BF4B-00C04F79EFBC}") = "UserRegistration", "UserRegistration\UserRegistration.csproj", "{0DFDC640-F24C-46D0-BCEC-7C1AED7E00FD}"
EndProject
Global
	GlobalSection(SolutionConfigurationPlatforms) = preSolution
		Debug|Any CPU = Debug|Any CPU
		Release|Any CPU = Release|Any CPU
	EndGlobalSection
	GlobalSection(ProjectConfigurationPlatforms) = postSolution
		{0DFDC640-F24C-46D0-BCEC-7C1AED7E00FD}.Debug|Any CPU.ActiveCfg = Debug|Any CPU
		{0DFDC640-F24C-46D0-BCEC-7C1AED7E00FD}.Debug|Any CPU.Build.0 = Debug|Any CPU
		{0DFDC640-F24C-46D0-BCEC-7C1AED7E00FD}.Release|Any CPU.ActiveCfg = Release|Any CPU
		{0DFDC640-F24C-46D0-BCEC-7C1AED7E00FD}.Release|Any CPU.Build.0 = Release|Any CPU
	EndGlobalSection
	GlobalSection(SolutionProperties) = preSolution
		HideSolutionNode = FALSE
	EndGlobalSection
	GlobalSection(ExtensibilityGlobals) = postSolution
		SolutionGuid = {8FF8395E-0F6C-4824-9666-6FD273FB2B68}
	EndGlobalSection
EndGlobal
